<Solution>
  <Folder Name="/src/">
    <Project Path="src/Umbraco.Community.Forms.Excel/Umbraco.Community.Forms.Excel.csproj" />
  </Folder>
  <Folder Name="/tests/">
    <Project Path="tests/Umbraco.Community.Forms.Excel.Tests/Umbraco.Community.Forms.Excel.Tests.csproj" />
    <Project Path="tests/Umbraco.Community.Forms.Excel.TestSite/Umbraco.Community.Forms.Excel.TestSite.csproj" />
  </Folder>
</Solution>
